
Microsoft Visual Studio Solution File, Format Version 12.00
# Visual Studio Version 16
VisualStudioVersion = 16.0.31005.135
MinimumVisualStudioVersion = 10.0.40219.1
Project("{FAE04EC0-301F-11D3-BF4B-00C04F79EFBC}") = "LogicaDeProgramaçãoTeste01", "LogicaDeProgramaçãoTeste01.csproj", "{F1E87B07-375F-4740-A20C-E66DFCEE86D3}"
EndProject
Global
	GlobalSection(SolutionConfigurationPlatforms) = preSolution
		Debug|Any CPU = Debug|Any CPU
		Release|Any CPU = Release|Any CPU
	EndGlobalSection
	GlobalSection(ProjectConfigurationPlatforms) = postSolution
		{F1E87B07-375F-4740-A20C-E66DFCEE86D3}.Debug|Any CPU.ActiveCfg = Debug|Any CPU
		{F1E87B07-375F-4740-A20C-E66DFCEE86D3}.Debug|Any CPU.Build.0 = Debug|Any CPU
		{F1E87B07-375F-4740-A20C-E66DFCEE86D3}.Release|Any CPU.ActiveCfg = Release|Any CPU
		{F1E87B07-375F-4740-A20C-E66DFCEE86D3}.Release|Any CPU.Build.0 = Release|Any CPU
	EndGlobalSection
	GlobalSection(SolutionProperties) = preSolution
		HideSolutionNode = FALSE
	EndGlobalSection
	GlobalSection(ExtensibilityGlobals) = postSolution
		SolutionGuid = {606BB792-A019-4B0F-83BF-7DAF9FA541FE}
	EndGlobalSection
EndGlobal
